
Microsoft Visual Studio Solution File, Format Version 12.00
# Visual Studio 15
VisualStudioVersion = 15.0.27703.2000
MinimumVisualStudioVersion = 10.0.40219.1
Project("{FAE04EC0-301F-11D3-BF4B-00C04F79EFBC}") = "丛林战争服务端", "丛林战争服务端\丛林战争服务端.csproj", "{85B79EB7-79A1-4593-90CF-06CF7C5B427B}"
EndProject
Project("{FAE04EC0-301F-11D3-BF4B-00C04F79EFBC}") = "共享项目", "共享项目\共享项目.csproj", "{984F5795-520D-4D51-854D-1E4DF7377FB7}"
EndProject
Global
	GlobalSection(SolutionConfigurationPlatforms) = preSolution
		Debug|Any CPU = Debug|Any CPU
		Release|Any CPU = Release|Any CPU
	EndGlobalSection
	GlobalSection(ProjectConfigurationPlatforms) = postSolution
		{85B79EB7-79A1-4593-90CF-06CF7C5B427B}.Debug|Any CPU.ActiveCfg = Debug|Any CPU
		{85B79EB7-79A1-4593-90CF-06CF7C5B427B}.Debug|Any CPU.Build.0 = Debug|Any CPU
		{85B79EB7-79A1-4593-90CF-06CF7C5B427B}.Release|Any CPU.ActiveCfg = Release|Any CPU
		{85B79EB7-79A1-4593-90CF-06CF7C5B427B}.Release|Any CPU.Build.0 = Release|Any CPU
		{984F5795-520D-4D51-854D-1E4DF7377FB7}.Debug|Any CPU.ActiveCfg = Debug|Any CPU
		{984F5795-520D-4D51-854D-1E4DF7377FB7}.Debug|Any CPU.Build.0 = Debug|Any CPU
		{984F5795-520D-4D51-854D-1E4DF7377FB7}.Release|Any CPU.ActiveCfg = Release|Any CPU
		{984F5795-520D-4D51-854D-1E4DF7377FB7}.Release|Any CPU.Build.0 = Release|Any CPU
	EndGlobalSection
	GlobalSection(SolutionProperties) = preSolution
		HideSolutionNode = FALSE
	EndGlobalSection
	GlobalSection(ExtensibilityGlobals) = postSolution
		SolutionGuid = {D9504F0A-1132-470D-BFE9-56274241B1B4}
	EndGlobalSection
EndGlobal
